
Microsoft Visual Studio Solution File, Format Version 12.00
# Visual Studio Version 16
VisualStudioVersion = 16.0.31205.134
MinimumVisualStudioVersion = 10.0.40219.1
Project("{2150E333-8FDC-42A3-9474-1A3956D46DE8}") = "Examples", "Examples", "{A87F78CE-C81E-4F3E-8955-58F089687EA2}"
EndProject
Project("{2150E333-8FDC-42A3-9474-1A3956D46DE8}") = "Solution Items", "Solution Items", "{AB311B7F-0926-4F8E-8B8B-37F1ED076F94}"
	ProjectSection(SolutionItems) = preProject
		.editorconfig = .editorconfig
	EndProjectSection
EndProject
Project("{FAE04EC0-301F-11D3-BF4B-00C04F79EFBC}") = "Eco.EM.Building.Windows.Plus", "..\Examples\Eco.EM.Building.Windows.Plus\Eco.EM.Building.Windows.Plus.csproj", "{CE541140-DEBD-46D7-9AC7-13E1154468D8}"
EndProject
Global
	GlobalSection(SolutionConfigurationPlatforms) = preSolution
		Debug|Any CPU = Debug|Any CPU
		Release|Any CPU = Release|Any CPU
	EndGlobalSection
	GlobalSection(ProjectConfigurationPlatforms) = postSolution
		{CE541140-DEBD-46D7-9AC7-13E1154468D8}.Debug|Any CPU.ActiveCfg = Debug|Any CPU
		{CE541140-DEBD-46D7-9AC7-13E1154468D8}.Debug|Any CPU.Build.0 = Debug|Any CPU
		{CE541140-DEBD-46D7-9AC7-13E1154468D8}.Release|Any CPU.ActiveCfg = Release|Any CPU
		{CE541140-DEBD-46D7-9AC7-13E1154468D8}.Release|Any CPU.Build.0 = Release|Any CPU
	EndGlobalSection
	GlobalSection(SolutionProperties) = preSolution
		HideSolutionNode = FALSE
	EndGlobalSection
	GlobalSection(NestedProjects) = preSolution
		{CE541140-DEBD-46D7-9AC7-13E1154468D8} = {A87F78CE-C81E-4F3E-8955-58F089687EA2}
	EndGlobalSection
	GlobalSection(ExtensibilityGlobals) = postSolution
		SolutionGuid = {824552A8-6E27-4FD1-9401-6197B8DC22D1}
	EndGlobalSection
EndGlobal
