
Microsoft Visual Studio Solution File, Format Version 12.00
# Visual Studio Version 16
VisualStudioVersion = 16.0.31205.134
MinimumVisualStudioVersion = 10.0.40219.1
Project("{2150E333-8FDC-42A3-9474-1A3956D46DE8}") = "Conv Pack", "Conv Pack", "{1FBF31CC-A6D7-4656-AC1C-F7D3E5A770F7}"
EndProject
Project("{2150E333-8FDC-42A3-9474-1A3956D46DE8}") = "Deco Pack", "Deco Pack", "{FF38E178-3141-45CA-A0B0-2218B292F201}"
EndProject
Project("{9A19103F-16F7-4668-BE54-9A1E7A4F7556}") = "EM-Storage-Plus", "Conv Pack\EM-Storage-Plus\EM-Storage-Plus.csproj", "{9A9CC1CD-7554-46F0-B392-A5502510789D}"
EndProject
Project("{9A19103F-16F7-4668-BE54-9A1E7A4F7556}") = "EM-GreenEnergy-Plus", "Conv Pack\EM-GreenEnergy-Plus\EM-GreenEnergy-Plus.csproj", "{35636767-AC21-4AE4-BDE2-BE3F2BCF422E}"
EndProject
Project("{FAE04EC0-301F-11D3-BF4B-00C04F79EFBC}") = "EM-Food-Plus", "Deco Pack\EM-Food-Plus\EM-Food-Plus.csproj", "{AFC7334D-3E7A-4BDF-8438-F4583B144252}"
EndProject
Project("{FAE04EC0-301F-11D3-BF4B-00C04F79EFBC}") = "EM-Doors-Plus", "Deco Pack\EM-Doors-Plus\EM-Doors-Plus.csproj", "{F4A73C33-C735-491B-A350-F6A153619825}"
EndProject
Project("{FAE04EC0-301F-11D3-BF4B-00C04F79EFBC}") = "EM-Games-Plus", "Deco Pack\EM-Games-Plus\EM-Games-Plus.csproj", "{EF92CA98-A279-4576-A321-06BFB60E594E}"
EndProject
Project("{FAE04EC0-301F-11D3-BF4B-00C04F79EFBC}") = "EM-HomeObjects-Plus", "Deco Pack\EM-HomeObjects-Plus\EM-HomeObjects-Plus.csproj", "{B6FAAEC2-6034-4DB3-8618-74565E523F16}"
EndProject
Project("{FAE04EC0-301F-11D3-BF4B-00C04F79EFBC}") = "EM-Transportation-Plus", "Deco Pack\EM-Transportation-Plus\EM-Transportation-Plus.csproj", "{ECC05BAF-CFAE-4E99-9140-F1128589B62D}"
EndProject
Project("{FAE04EC0-301F-11D3-BF4B-00C04F79EFBC}") = "EM-Windows-Plus", "Deco Pack\EM-Windows-Plus\EM-Windows-Plus.csproj", "{2388B69F-828F-4CB9-A2D0-0118FE38625A}"
EndProject
Project("{2150E333-8FDC-42A3-9474-1A3956D46DE8}") = "Others", "Others", "{A87F78CE-C81E-4F3E-8955-58F089687EA2}"
EndProject
Project("{FAE04EC0-301F-11D3-BF4B-00C04F79EFBC}") = "EM-Flags-Plus", "Others\EM-Flags-Plus\EM-Flags-Plus.csproj", "{AA6A8D1A-140B-47B0-88B0-844082DEC9F1}"
EndProject
Project("{FAE04EC0-301F-11D3-BF4B-00C04F79EFBC}") = "EM-Artistry-Plus", "Others\EM-Artistry-Plus\EM-Artistry-Plus.csproj", "{8B47B8A0-33F0-46A0-9109-3F18DB632FC7}"
EndProject
Global
	GlobalSection(SolutionConfigurationPlatforms) = preSolution
		Debug|Any CPU = Debug|Any CPU
		Release|Any CPU = Release|Any CPU
	EndGlobalSection
	GlobalSection(ProjectConfigurationPlatforms) = postSolution
		{9A9CC1CD-7554-46F0-B392-A5502510789D}.Debug|Any CPU.ActiveCfg = Debug|Any CPU
		{9A9CC1CD-7554-46F0-B392-A5502510789D}.Debug|Any CPU.Build.0 = Debug|Any CPU
		{9A9CC1CD-7554-46F0-B392-A5502510789D}.Release|Any CPU.ActiveCfg = Release|Any CPU
		{9A9CC1CD-7554-46F0-B392-A5502510789D}.Release|Any CPU.Build.0 = Release|Any CPU
		{35636767-AC21-4AE4-BDE2-BE3F2BCF422E}.Debug|Any CPU.ActiveCfg = Debug|Any CPU
		{35636767-AC21-4AE4-BDE2-BE3F2BCF422E}.Debug|Any CPU.Build.0 = Debug|Any CPU
		{35636767-AC21-4AE4-BDE2-BE3F2BCF422E}.Release|Any CPU.ActiveCfg = Release|Any CPU
		{35636767-AC21-4AE4-BDE2-BE3F2BCF422E}.Release|Any CPU.Build.0 = Release|Any CPU
		{AFC7334D-3E7A-4BDF-8438-F4583B144252}.Debug|Any CPU.ActiveCfg = Debug|Any CPU
		{AFC7334D-3E7A-4BDF-8438-F4583B144252}.Debug|Any CPU.Build.0 = Debug|Any CPU
		{AFC7334D-3E7A-4BDF-8438-F4583B144252}.Release|Any CPU.ActiveCfg = Release|Any CPU
		{AFC7334D-3E7A-4BDF-8438-F4583B144252}.Release|Any CPU.Build.0 = Release|Any CPU
		{F4A73C33-C735-491B-A350-F6A153619825}.Debug|Any CPU.ActiveCfg = Debug|Any CPU
		{F4A73C33-C735-491B-A350-F6A153619825}.Debug|Any CPU.Build.0 = Debug|Any CPU
		{F4A73C33-C735-491B-A350-F6A153619825}.Release|Any CPU.ActiveCfg = Release|Any CPU
		{F4A73C33-C735-491B-A350-F6A153619825}.Release|Any CPU.Build.0 = Release|Any CPU
		{EF92CA98-A279-4576-A321-06BFB60E594E}.Debug|Any CPU.ActiveCfg = Debug|Any CPU
		{EF92CA98-A279-4576-A321-06BFB60E594E}.Debug|Any CPU.Build.0 = Debug|Any CPU
		{EF92CA98-A279-4576-A321-06BFB60E594E}.Release|Any CPU.ActiveCfg = Release|Any CPU
		{EF92CA98-A279-4576-A321-06BFB60E594E}.Release|Any CPU.Build.0 = Release|Any CPU
		{B6FAAEC2-6034-4DB3-8618-74565E523F16}.Debug|Any CPU.ActiveCfg = Debug|Any CPU
		{B6FAAEC2-6034-4DB3-8618-74565E523F16}.Debug|Any CPU.Build.0 = Debug|Any CPU
		{B6FAAEC2-6034-4DB3-8618-74565E523F16}.Release|Any CPU.ActiveCfg = Release|Any CPU
		{B6FAAEC2-6034-4DB3-8618-74565E523F16}.Release|Any CPU.Build.0 = Release|Any CPU
		{ECC05BAF-CFAE-4E99-9140-F1128589B62D}.Debug|Any CPU.ActiveCfg = Debug|Any CPU
		{ECC05BAF-CFAE-4E99-9140-F1128589B62D}.Debug|Any CPU.Build.0 = Debug|Any CPU
		{ECC05BAF-CFAE-4E99-9140-F1128589B62D}.Release|Any CPU.ActiveCfg = Release|Any CPU
		{ECC05BAF-CFAE-4E99-9140-F1128589B62D}.Release|Any CPU.Build.0 = Release|Any CPU
		{2388B69F-828F-4CB9-A2D0-0118FE38625A}.Debug|Any CPU.ActiveCfg = Debug|Any CPU
		{2388B69F-828F-4CB9-A2D0-0118FE38625A}.Debug|Any CPU.Build.0 = Debug|Any CPU
		{2388B69F-828F-4CB9-A2D0-0118FE38625A}.Release|Any CPU.ActiveCfg = Release|Any CPU
		{2388B69F-828F-4CB9-A2D0-0118FE38625A}.Release|Any CPU.Build.0 = Release|Any CPU
		{AA6A8D1A-140B-47B0-88B0-844082DEC9F1}.Debug|Any CPU.ActiveCfg = Debug|Any CPU
		{AA6A8D1A-140B-47B0-88B0-844082DEC9F1}.Debug|Any CPU.Build.0 = Debug|Any CPU
		{AA6A8D1A-140B-47B0-88B0-844082DEC9F1}.Release|Any CPU.ActiveCfg = Release|Any CPU
		{AA6A8D1A-140B-47B0-88B0-844082DEC9F1}.Release|Any CPU.Build.0 = Release|Any CPU
		{8B47B8A0-33F0-46A0-9109-3F18DB632FC7}.Debug|Any CPU.ActiveCfg = Debug|Any CPU
		{8B47B8A0-33F0-46A0-9109-3F18DB632FC7}.Debug|Any CPU.Build.0 = Debug|Any CPU
		{8B47B8A0-33F0-46A0-9109-3F18DB632FC7}.Release|Any CPU.ActiveCfg = Release|Any CPU
		{8B47B8A0-33F0-46A0-9109-3F18DB632FC7}.Release|Any CPU.Build.0 = Release|Any CPU
	EndGlobalSection
	GlobalSection(SolutionProperties) = preSolution
		HideSolutionNode = FALSE
	EndGlobalSection
	GlobalSection(NestedProjects) = preSolution
		{9A9CC1CD-7554-46F0-B392-A5502510789D} = {1FBF31CC-A6D7-4656-AC1C-F7D3E5A770F7}
		{35636767-AC21-4AE4-BDE2-BE3F2BCF422E} = {1FBF31CC-A6D7-4656-AC1C-F7D3E5A770F7}
		{AFC7334D-3E7A-4BDF-8438-F4583B144252} = {FF38E178-3141-45CA-A0B0-2218B292F201}
		{F4A73C33-C735-491B-A350-F6A153619825} = {FF38E178-3141-45CA-A0B0-2218B292F201}
		{EF92CA98-A279-4576-A321-06BFB60E594E} = {FF38E178-3141-45CA-A0B0-2218B292F201}
		{B6FAAEC2-6034-4DB3-8618-74565E523F16} = {FF38E178-3141-45CA-A0B0-2218B292F201}
		{ECC05BAF-CFAE-4E99-9140-F1128589B62D} = {FF38E178-3141-45CA-A0B0-2218B292F201}
		{2388B69F-828F-4CB9-A2D0-0118FE38625A} = {FF38E178-3141-45CA-A0B0-2218B292F201}
		{AA6A8D1A-140B-47B0-88B0-844082DEC9F1} = {A87F78CE-C81E-4F3E-8955-58F089687EA2}
		{8B47B8A0-33F0-46A0-9109-3F18DB632FC7} = {A87F78CE-C81E-4F3E-8955-58F089687EA2}
	EndGlobalSection
	GlobalSection(ExtensibilityGlobals) = postSolution
		SolutionGuid = {824552A8-6E27-4FD1-9401-6197B8DC22D1}
	EndGlobalSection
EndGlobal
